// !$*UTF8*$!
{
	archiveVersion = 1;
	classes = {
	};
	objectVersion = 48;
	objects = {

/* Begin PBXBuildFile section */
		0CD997398E68FA1C201D80A1 /* Pods_SupplyBlockChainTests.framework in Frameworks */ = {isa = PBXBuildFile; fileRef = 450D7018C7495E579C3FA738 /* Pods_SupplyBlockChainTests.framework */; };
		551FF73D20A4AF4B0012BE26 /* CompletedBid.swift in Sources */ = {isa = PBXBuildFile; fileRef = 551FF73C20A4AF4B0012BE26 /* CompletedBid.swift */; };
		551FF73F20A5D2990012BE26 /* UserBidsViewController.swift in Sources */ = {isa = PBXBuildFile; fileRef = 551FF73E20A5D2990012BE26 /* UserBidsViewController.swift */; };
		551FF74320A61A7A0012BE26 /* SignUpForm.swift in Sources */ = {isa = PBXBuildFile; fileRef = 551FF74220A61A7A0012BE26 /* SignUpForm.swift */; };
		551FF74B20A638120012BE26 /* BidCell.xib in Resources */ = {isa = PBXBuildFile; fileRef = 551FF74A20A638120012BE26 /* BidCell.xib */; };
		551FF74D20A63A8B0012BE26 /* Job.swift in Sources */ = {isa = PBXBuildFile; fileRef = 551FF74C20A63A8B0012BE26 /* Job.swift */; };
		5521BACC206E9C7E004575E8 /* AppDelegate.swift in Sources */ = {isa = PBXBuildFile; fileRef = 5521BACB206E9C7E004575E8 /* AppDelegate.swift */; };
		5521BAD6206E9C7E004575E8 /* Assets.xcassets in Resources */ = {isa = PBXBuildFile; fileRef = 5521BAD5206E9C7E004575E8 /* Assets.xcassets */; };
		5521BAD9206E9C7E004575E8 /* LaunchScreen.storyboard in Resources */ = {isa = PBXBuildFile; fileRef = 5521BAD7206E9C7E004575E8 /* LaunchScreen.storyboard */; };
		5521BAE4206E9C7E004575E8 /* SupplyBlockChainTests.swift in Sources */ = {isa = PBXBuildFile; fileRef = 5521BAE3206E9C7E004575E8 /* SupplyBlockChainTests.swift */; };
		5521BAEF206E9C7E004575E8 /* SupplyBlockChainUITests.swift in Sources */ = {isa = PBXBuildFile; fileRef = 5521BAEE206E9C7E004575E8 /* SupplyBlockChainUITests.swift */; };
		5521BAFD206E9F8A004575E8 /* GoogleService-Info.plist in Resources */ = {isa = PBXBuildFile; fileRef = 5521BAFC206E9F8A004575E8 /* GoogleService-Info.plist */; };
		5521BB00206EAE79004575E8 /* CustomActivityIndicator.swift in Sources */ = {isa = PBXBuildFile; fileRef = 5521BAFF206EAE79004575E8 /* CustomActivityIndicator.swift */; };
		5521BB04206EAF30004575E8 /* UIViewController++.swift in Sources */ = {isa = PBXBuildFile; fileRef = 5521BB03206EAF30004575E8 /* UIViewController++.swift */; };
		5521BB08206EB239004575E8 /* SignIn.storyboard in Resources */ = {isa = PBXBuildFile; fileRef = 5521BB07206EB239004575E8 /* SignIn.storyboard */; };
		5521BB0A206EB2A1004575E8 /* SignInViewController.swift in Sources */ = {isa = PBXBuildFile; fileRef = 5521BB09206EB2A1004575E8 /* SignInViewController.swift */; };
		5521BB0D206EBFC2004575E8 /* SignupViewController.swift in Sources */ = {isa = PBXBuildFile; fileRef = 5521BB0C206EBFC2004575E8 /* SignupViewController.swift */; };
		5521BB0F206EBFCD004575E8 /* Signup.storyboard in Resources */ = {isa = PBXBuildFile; fileRef = 5521BB0E206EBFCD004575E8 /* Signup.storyboard */; };
		55C5169A20769B340010C6DC /* Jobs.storyboard in Resources */ = {isa = PBXBuildFile; fileRef = 55C5169920769B340010C6DC /* Jobs.storyboard */; };
		55C5169C20769B590010C6DC /* JobsViewController.swift in Sources */ = {isa = PBXBuildFile; fileRef = 55C5169B20769B590010C6DC /* JobsViewController.swift */; };
		55C5169F2076B0B80010C6DC /* CreateBid.storyboard in Resources */ = {isa = PBXBuildFile; fileRef = 55C5169E2076B0B80010C6DC /* CreateBid.storyboard */; };
		55C516A12076B0C60010C6DC /* CreateBidViewController.swift in Sources */ = {isa = PBXBuildFile; fileRef = 55C516A02076B0C60010C6DC /* CreateBidViewController.swift */; };
		55C516A32076B4800010C6DC /* User.swift in Sources */ = {isa = PBXBuildFile; fileRef = 55C516A22076B4800010C6DC /* User.swift */; };
		55C516A52076B6800010C6DC /* FirebaseFunctions.swift in Sources */ = {isa = PBXBuildFile; fileRef = 55C516A42076B6800010C6DC /* FirebaseFunctions.swift */; };
		55C516AA207BB8480010C6DC /* Bid.swift in Sources */ = {isa = PBXBuildFile; fileRef = 55C516A9207BB8480010C6DC /* Bid.swift */; };
		55C516AC207BBA4D0010C6DC /* Date++Extension.swift in Sources */ = {isa = PBXBuildFile; fileRef = 55C516AB207BBA4D0010C6DC /* Date++Extension.swift */; };
		55CAAE64207D46B200D9B7C5 /* UserBids.storyboard in Resources */ = {isa = PBXBuildFile; fileRef = 55CAAE63207D46B200D9B7C5 /* UserBids.storyboard */; };
		55E880BA20A9298F001ADD48 /* EmployeeJobs.storyboard in Resources */ = {isa = PBXBuildFile; fileRef = 55E880B920A9298F001ADD48 /* EmployeeJobs.storyboard */; };
		55E880BC20A929AA001ADD48 /* EmployeeJobsViewController.swift in Sources */ = {isa = PBXBuildFile; fileRef = 55E880BB20A929AA001ADD48 /* EmployeeJobsViewController.swift */; };
		55E880BE20A9D568001ADD48 /* CreateJobViewController.swift in Sources */ = {isa = PBXBuildFile; fileRef = 55E880BD20A9D568001ADD48 /* CreateJobViewController.swift */; };
		55E880C020A9D574001ADD48 /* CreateJob.storyboard in Resources */ = {isa = PBXBuildFile; fileRef = 55E880BF20A9D574001ADD48 /* CreateJob.storyboard */; };
		55FA6DBA2098BD89006D34FE /* TierionWrapper.swift in Sources */ = {isa = PBXBuildFile; fileRef = 55FA6DB92098BD89006D34FE /* TierionWrapper.swift */; };
		55FA6DBC209908DC006D34FE /* Token.swift in Sources */ = {isa = PBXBuildFile; fileRef = 55FA6DBB209908DC006D34FE /* Token.swift */; };
		55FA6DBE20990DFA006D34FE /* Keys.plist in Resources */ = {isa = PBXBuildFile; fileRef = 55FA6DBD20990DFA006D34FE /* Keys.plist */; };
		622EE3799C30B5CBFB902CF1 /* Pods_SupplyBlockChainUITests.framework in Frameworks */ = {isa = PBXBuildFile; fileRef = 5309AC6590283DAF5237791E /* Pods_SupplyBlockChainUITests.framework */; };
		A4834B500080227F1BFEAF2C /* Pods_SupplyBlockChain.framework in Frameworks */ = {isa = PBXBuildFile; fileRef = 62BD232B32AAD04A9EA36C1E /* Pods_SupplyBlockChain.framework */; };
/* End PBXBuildFile section */

/* Begin PBXContainerItemProxy section */
		5521BAE0206E9C7E004575E8 /* PBXContainerItemProxy */ = {
			isa = PBXContainerItemProxy;
			containerPortal = 5521BAC0206E9C7E004575E8 /* Project object */;
			proxyType = 1;
			remoteGlobalIDString = 5521BAC7206E9C7E004575E8;
			remoteInfo = SupplyBlockChain;
		};
		5521BAEB206E9C7E004575E8 /* PBXContainerItemProxy */ = {
			isa = PBXContainerItemProxy;
			containerPortal = 5521BAC0206E9C7E004575E8 /* Project object */;
			proxyType = 1;
			remoteGlobalIDString = 5521BAC7206E9C7E004575E8;
			remoteInfo = SupplyBlockChain;
		};
/* End PBXContainerItemProxy section */

/* Begin PBXFileReference section */
		11C6FD82EC7B39B707A926A0 /* Pods-SupplyBlockChain.release.xcconfig */ = {isa = PBXFileReference; includeInIndex = 1; lastKnownFileType = text.xcconfig; name = "Pods-SupplyBlockChain.release.xcconfig"; path = "Pods/Target Support Files/Pods-SupplyBlockChain/Pods-SupplyBlockChain.release.xcconfig"; sourceTree = "<group>"; };
		450D7018C7495E579C3FA738 /* Pods_SupplyBlockChainTests.framework */ = {isa = PBXFileReference; explicitFileType = wrapper.framework; includeInIndex = 0; path = Pods_SupplyBlockChainTests.framework; sourceTree = BUILT_PRODUCTS_DIR; };
		5309AC6590283DAF5237791E /* Pods_SupplyBlockChainUITests.framework */ = {isa = PBXFileReference; explicitFileType = wrapper.framework; includeInIndex = 0; path = Pods_SupplyBlockChainUITests.framework; sourceTree = BUILT_PRODUCTS_DIR; };
		551FF73C20A4AF4B0012BE26 /* CompletedBid.swift */ = {isa = PBXFileReference; lastKnownFileType = sourcecode.swift; path = CompletedBid.swift; sourceTree = "<group>"; };
		551FF73E20A5D2990012BE26 /* UserBidsViewController.swift */ = {isa = PBXFileReference; lastKnownFileType = sourcecode.swift; path = UserBidsViewController.swift; sourceTree = "<group>"; };
		551FF74220A61A7A0012BE26 /* SignUpForm.swift */ = {isa = PBXFileReference; lastKnownFileType = sourcecode.swift; path = SignUpForm.swift; sourceTree = "<group>"; };
		551FF74A20A638120012BE26 /* BidCell.xib */ = {isa = PBXFileReference; lastKnownFileType = file.xib; path = BidCell.xib; sourceTree = "<group>"; };
		551FF74C20A63A8B0012BE26 /* Job.swift */ = {isa = PBXFileReference; lastKnownFileType = sourcecode.swift; path = Job.swift; sourceTree = "<group>"; };
		5521BAC8206E9C7E004575E8 /* SupplyBlockChain.app */ = {isa = PBXFileReference; explicitFileType = wrapper.application; includeInIndex = 0; path = SupplyBlockChain.app; sourceTree = BUILT_PRODUCTS_DIR; };
		5521BACB206E9C7E004575E8 /* AppDelegate.swift */ = {isa = PBXFileReference; lastKnownFileType = sourcecode.swift; path = AppDelegate.swift; sourceTree = "<group>"; };
		5521BAD5206E9C7E004575E8 /* Assets.xcassets */ = {isa = PBXFileReference; lastKnownFileType = folder.assetcatalog; path = Assets.xcassets; sourceTree = "<group>"; };
		5521BAD8206E9C7E004575E8 /* Base */ = {isa = PBXFileReference; lastKnownFileType = file.storyboard; name = Base; path = Base.lproj/LaunchScreen.storyboard; sourceTree = "<group>"; };
		5521BADA206E9C7E004575E8 /* Info.plist */ = {isa = PBXFileReference; lastKnownFileType = text.plist.xml; path = Info.plist; sourceTree = "<group>"; };
		5521BADF206E9C7E004575E8 /* SupplyBlockChainTests.xctest */ = {isa = PBXFileReference; explicitFileType = wrapper.cfbundle; includeInIndex = 0; path = SupplyBlockChainTests.xctest; sourceTree = BUILT_PRODUCTS_DIR; };
		5521BAE3206E9C7E004575E8 /* SupplyBlockChainTests.swift */ = {isa = PBXFileReference; lastKnownFileType = sourcecode.swift; path = SupplyBlockChainTests.swift; sourceTree = "<group>"; };
		5521BAE5206E9C7E004575E8 /* Info.plist */ = {isa = PBXFileReference; lastKnownFileType = text.plist.xml; path = Info.plist; sourceTree = "<group>"; };
		5521BAEA206E9C7E004575E8 /* SupplyBlockChainUITests.xctest */ = {isa = PBXFileReference; explicitFileType = wrapper.cfbundle; includeInIndex = 0; path = SupplyBlockChainUITests.xctest; sourceTree = BUILT_PRODUCTS_DIR; };
		5521BAEE206E9C7E004575E8 /* SupplyBlockChainUITests.swift */ = {isa = PBXFileReference; lastKnownFileType = sourcecode.swift; path = SupplyBlockChainUITests.swift; sourceTree = "<group>"; };
		5521BAF0206E9C7E004575E8 /* Info.plist */ = {isa = PBXFileReference; lastKnownFileType = text.plist.xml; path = Info.plist; sourceTree = "<group>"; };
		5521BAFC206E9F8A004575E8 /* GoogleService-Info.plist */ = {isa = PBXFileReference; fileEncoding = 4; lastKnownFileType = text.plist.xml; path = "GoogleService-Info.plist"; sourceTree = "<group>"; };
		5521BAFF206EAE79004575E8 /* CustomActivityIndicator.swift */ = {isa = PBXFileReference; lastKnownFileType = sourcecode.swift; path = CustomActivityIndicator.swift; sourceTree = "<group>"; };
		5521BB03206EAF30004575E8 /* UIViewController++.swift */ = {isa = PBXFileReference; lastKnownFileType = sourcecode.swift; path = "UIViewController++.swift"; sourceTree = "<group>"; };
		5521BB07206EB239004575E8 /* SignIn.storyboard */ = {isa = PBXFileReference; lastKnownFileType = file.storyboard; path = SignIn.storyboard; sourceTree = "<group>"; };
		5521BB09206EB2A1004575E8 /* SignInViewController.swift */ = {isa = PBXFileReference; lastKnownFileType = sourcecode.swift; path = SignInViewController.swift; sourceTree = "<group>"; };
		5521BB0C206EBFC2004575E8 /* SignupViewController.swift */ = {isa = PBXFileReference; lastKnownFileType = sourcecode.swift; path = SignupViewController.swift; sourceTree = "<group>"; };
		5521BB0E206EBFCD004575E8 /* Signup.storyboard */ = {isa = PBXFileReference; lastKnownFileType = file.storyboard; path = Signup.storyboard; sourceTree = "<group>"; };
		55C5169920769B340010C6DC /* Jobs.storyboard */ = {isa = PBXFileReference; lastKnownFileType = file.storyboard; path = Jobs.storyboard; sourceTree = "<group>"; };
		55C5169B20769B590010C6DC /* JobsViewController.swift */ = {isa = PBXFileReference; lastKnownFileType = sourcecode.swift; path = JobsViewController.swift; sourceTree = "<group>"; };
		55C5169E2076B0B80010C6DC /* CreateBid.storyboard */ = {isa = PBXFileReference; lastKnownFileType = file.storyboard; path = CreateBid.storyboard; sourceTree = "<group>"; };
		55C516A02076B0C60010C6DC /* CreateBidViewController.swift */ = {isa = PBXFileReference; lastKnownFileType = sourcecode.swift; path = CreateBidViewController.swift; sourceTree = "<group>"; };
		55C516A22076B4800010C6DC /* User.swift */ = {isa = PBXFileReference; lastKnownFileType = sourcecode.swift; path = User.swift; sourceTree = "<group>"; };
		55C516A42076B6800010C6DC /* FirebaseFunctions.swift */ = {isa = PBXFileReference; lastKnownFileType = sourcecode.swift; path = FirebaseFunctions.swift; sourceTree = "<group>"; };
		55C516A9207BB8480010C6DC /* Bid.swift */ = {isa = PBXFileReference; lastKnownFileType = sourcecode.swift; path = Bid.swift; sourceTree = "<group>"; };
		55C516AB207BBA4D0010C6DC /* Date++Extension.swift */ = {isa = PBXFileReference; lastKnownFileType = sourcecode.swift; path = "Date++Extension.swift"; sourceTree = "<group>"; };
		55CAAE63207D46B200D9B7C5 /* UserBids.storyboard */ = {isa = PBXFileReference; lastKnownFileType = file.storyboard; path = UserBids.storyboard; sourceTree = "<group>"; };
		55E880B920A9298F001ADD48 /* EmployeeJobs.storyboard */ = {isa = PBXFileReference; lastKnownFileType = file.storyboard; path = EmployeeJobs.storyboard; sourceTree = "<group>"; };
		55E880BB20A929AA001ADD48 /* EmployeeJobsViewController.swift */ = {isa = PBXFileReference; lastKnownFileType = sourcecode.swift; path = EmployeeJobsViewController.swift; sourceTree = "<group>"; };
		55E880BD20A9D568001ADD48 /* CreateJobViewController.swift */ = {isa = PBXFileReference; lastKnownFileType = sourcecode.swift; path = CreateJobViewController.swift; sourceTree = "<group>"; };
		55E880BF20A9D574001ADD48 /* CreateJob.storyboard */ = {isa = PBXFileReference; lastKnownFileType = file.storyboard; path = CreateJob.storyboard; sourceTree = "<group>"; };
		55FA6DB92098BD89006D34FE /* TierionWrapper.swift */ = {isa = PBXFileReference; lastKnownFileType = sourcecode.swift; path = TierionWrapper.swift; sourceTree = "<group>"; };
		55FA6DBB209908DC006D34FE /* Token.swift */ = {isa = PBXFileReference; lastKnownFileType = sourcecode.swift; path = Token.swift; sourceTree = "<group>"; };
		55FA6DBD20990DFA006D34FE /* Keys.plist */ = {isa = PBXFileReference; lastKnownFileType = text.plist.xml; path = Keys.plist; sourceTree = "<group>"; };
		62BD232B32AAD04A9EA36C1E /* Pods_SupplyBlockChain.framework */ = {isa = PBXFileReference; explicitFileType = wrapper.framework; includeInIndex = 0; path = Pods_SupplyBlockChain.framework; sourceTree = BUILT_PRODUCTS_DIR; };
		951A88062B68C94243488A29 /* Pods-SupplyBlockChainUITests.debug.xcconfig */ = {isa = PBXFileReference; includeInIndex = 1; lastKnownFileType = text.xcconfig; name = "Pods-SupplyBlockChainUITests.debug.xcconfig"; path = "Pods/Target Support Files/Pods-SupplyBlockChainUITests/Pods-SupplyBlockChainUITests.debug.xcconfig"; sourceTree = "<group>"; };
		9C0ACFA164D3783773A0D270 /* Pods-SupplyBlockChainUITests.release.xcconfig */ = {isa = PBXFileReference; includeInIndex = 1; lastKnownFileType = text.xcconfig; name = "Pods-SupplyBlockChainUITests.release.xcconfig"; path = "Pods/Target Support Files/Pods-SupplyBlockChainUITests/Pods-SupplyBlockChainUITests.release.xcconfig"; sourceTree = "<group>"; };
		C99493B2146BAE2A758F6D92 /* Pods-SupplyBlockChainTests.debug.xcconfig */ = {isa = PBXFileReference; includeInIndex = 1; lastKnownFileType = text.xcconfig; name = "Pods-SupplyBlockChainTests.debug.xcconfig"; path = "Pods/Target Support Files/Pods-SupplyBlockChainTests/Pods-SupplyBlockChainTests.debug.xcconfig"; sourceTree = "<group>"; };
		EABF8E45DC2EB3DB6C7C3763 /* Pods-SupplyBlockChain.debug.xcconfig */ = {isa = PBXFileReference; includeInIndex = 1; lastKnownFileType = text.xcconfig; name = "Pods-SupplyBlockChain.debug.xcconfig"; path = "Pods/Target Support Files/Pods-SupplyBlockChain/Pods-SupplyBlockChain.debug.xcconfig"; sourceTree = "<group>"; };
		ED95BAAE356DDD098367A56C /* Pods-SupplyBlockChainTests.release.xcconfig */ = {isa = PBXFileReference; includeInIndex = 1; lastKnownFileType = text.xcconfig; name = "Pods-SupplyBlockChainTests.release.xcconfig"; path = "Pods/Target Support Files/Pods-SupplyBlockChainTests/Pods-SupplyBlockChainTests.release.xcconfig"; sourceTree = "<group>"; };
/* End PBXFileReference section */

/* Begin PBXFrameworksBuildPhase section */
		5521BAC5206E9C7E004575E8 /* Frameworks */ = {
			isa = PBXFrameworksBuildPhase;
			buildActionMask = 2147483647;
			files = (
				A4834B500080227F1BFEAF2C /* Pods_SupplyBlockChain.framework in Frameworks */,
			);
			runOnlyForDeploymentPostprocessing = 0;
		};
		5521BADC206E9C7E004575E8 /* Frameworks */ = {
			isa = PBXFrameworksBuildPhase;
			buildActionMask = 2147483647;
			files = (
				0CD997398E68FA1C201D80A1 /* Pods_SupplyBlockChainTests.framework in Frameworks */,
			);
			runOnlyForDeploymentPostprocessing = 0;
		};
		5521BAE7206E9C7E004575E8 /* Frameworks */ = {
			isa = PBXFrameworksBuildPhase;
			buildActionMask = 2147483647;
			files = (
				622EE3799C30B5CBFB902CF1 /* Pods_SupplyBlockChainUITests.framework in Frameworks */,
			);
			runOnlyForDeploymentPostprocessing = 0;
		};
/* End PBXFrameworksBuildPhase section */

/* Begin PBXGroup section */
		4ADC6C6B18CC1F8D2BE33C62 /* Frameworks */ = {
			isa = PBXGroup;
			children = (
				62BD232B32AAD04A9EA36C1E /* Pods_SupplyBlockChain.framework */,
				450D7018C7495E579C3FA738 /* Pods_SupplyBlockChainTests.framework */,
				5309AC6590283DAF5237791E /* Pods_SupplyBlockChainUITests.framework */,
			);
			name = Frameworks;
			sourceTree = "<group>";
		};
		551FF74920A637DC0012BE26 /* Xib */ = {
			isa = PBXGroup;
			children = (
				551FF74A20A638120012BE26 /* BidCell.xib */,
			);
			path = Xib;
			sourceTree = "<group>";
		};
		5521BABF206E9C7E004575E8 = {
			isa = PBXGroup;
			children = (
				5521BACA206E9C7E004575E8 /* SupplyBlockChain */,
				5521BAE2206E9C7E004575E8 /* SupplyBlockChainTests */,
				5521BAED206E9C7E004575E8 /* SupplyBlockChainUITests */,
				5521BAC9206E9C7E004575E8 /* Products */,
				7421FE4D659523D0C9AEB738 /* Pods */,
				4ADC6C6B18CC1F8D2BE33C62 /* Frameworks */,
			);
			sourceTree = "<group>";
		};
		5521BAC9206E9C7E004575E8 /* Products */ = {
			isa = PBXGroup;
			children = (
				5521BAC8206E9C7E004575E8 /* SupplyBlockChain.app */,
				5521BADF206E9C7E004575E8 /* SupplyBlockChainTests.xctest */,
				5521BAEA206E9C7E004575E8 /* SupplyBlockChainUITests.xctest */,
			);
			name = Products;
			sourceTree = "<group>";
		};
		5521BACA206E9C7E004575E8 /* SupplyBlockChain */ = {
			isa = PBXGroup;
			children = (
				5521BACB206E9C7E004575E8 /* AppDelegate.swift */,
				55E880B520A92913001ADD48 /* User */,
				55E880B420A928E0001ADD48 /* Employee */,
				55E880C120AA34CA001ADD48 /* Authentication */,
				551FF74920A637DC0012BE26 /* Xib */,
				5521BB02206EAEEF004575E8 /* Extensions */,
				5521BB01206EAEDB004575E8 /* Data Models */,
				5521BAFE206EAE5D004575E8 /* Wrappers */,
				55F7850820A217D60025ADA0 /* Supporting Files */,
			);
			path = SupplyBlockChain;
			sourceTree = "<group>";
		};
		5521BAE2206E9C7E004575E8 /* SupplyBlockChainTests */ = {
			isa = PBXGroup;
			children = (
				5521BAE3206E9C7E004575E8 /* SupplyBlockChainTests.swift */,
				5521BAE5206E9C7E004575E8 /* Info.plist */,
			);
			path = SupplyBlockChainTests;
			sourceTree = "<group>";
		};
		5521BAED206E9C7E004575E8 /* SupplyBlockChainUITests */ = {
			isa = PBXGroup;
			children = (
				5521BAEE206E9C7E004575E8 /* SupplyBlockChainUITests.swift */,
				5521BAF0206E9C7E004575E8 /* Info.plist */,
			);
			path = SupplyBlockChainUITests;
			sourceTree = "<group>";
		};
		5521BAFE206EAE5D004575E8 /* Wrappers */ = {
			isa = PBXGroup;
			children = (
				5521BAFF206EAE79004575E8 /* CustomActivityIndicator.swift */,
				55C516A42076B6800010C6DC /* FirebaseFunctions.swift */,
				55FA6DB92098BD89006D34FE /* TierionWrapper.swift */,
			);
			path = Wrappers;
			sourceTree = "<group>";
		};
		5521BB01206EAEDB004575E8 /* Data Models */ = {
			isa = PBXGroup;
			children = (
				55C516A9207BB8480010C6DC /* Bid.swift */,
				551FF73C20A4AF4B0012BE26 /* CompletedBid.swift */,
				55FA6DBB209908DC006D34FE /* Token.swift */,
				55C516A22076B4800010C6DC /* User.swift */,
				551FF74220A61A7A0012BE26 /* SignUpForm.swift */,
				551FF74C20A63A8B0012BE26 /* Job.swift */,
			);
			path = "Data Models";
			sourceTree = "<group>";
		};
		5521BB02206EAEEF004575E8 /* Extensions */ = {
			isa = PBXGroup;
			children = (
				5521BB03206EAF30004575E8 /* UIViewController++.swift */,
				55C516AB207BBA4D0010C6DC /* Date++Extension.swift */,
			);
			path = Extensions;
			sourceTree = "<group>";
		};
		5521BB06206EAFD6004575E8 /* SignIn */ = {
			isa = PBXGroup;
			children = (
				5521BB07206EB239004575E8 /* SignIn.storyboard */,
				5521BB09206EB2A1004575E8 /* SignInViewController.swift */,
			);
			path = SignIn;
			sourceTree = "<group>";
		};
		5521BB0B206EBFB0004575E8 /* Signup */ = {
			isa = PBXGroup;
			children = (
				5521BB0E206EBFCD004575E8 /* Signup.storyboard */,
				5521BB0C206EBFC2004575E8 /* SignupViewController.swift */,
			);
			path = Signup;
			sourceTree = "<group>";
		};
		55C5169820769AFB0010C6DC /* Jobs */ = {
			isa = PBXGroup;
			children = (
				55C5169B20769B590010C6DC /* JobsViewController.swift */,
				55C5169920769B340010C6DC /* Jobs.storyboard */,
			);
			path = Jobs;
			sourceTree = "<group>";
		};
		55C5169D2076B0140010C6DC /* Create Bid */ = {
			isa = PBXGroup;
			children = (
				55C516A02076B0C60010C6DC /* CreateBidViewController.swift */,
				55C5169E2076B0B80010C6DC /* CreateBid.storyboard */,
			);
			path = "Create Bid";
			sourceTree = "<group>";
		};
		55CAAE62207D469F00D9B7C5 /* User Bids */ = {
			isa = PBXGroup;
			children = (
				551FF73E20A5D2990012BE26 /* UserBidsViewController.swift */,
				55CAAE63207D46B200D9B7C5 /* UserBids.storyboard */,
			);
			path = "User Bids";
			sourceTree = "<group>";
		};
		55E880B420A928E0001ADD48 /* Employee */ = {
			isa = PBXGroup;
			children = (
				55E880B620A92945001ADD48 /* My Jobs */,
				55E880B720A9295A001ADD48 /* Create Job */,
				55E880B820A92968001ADD48 /* View Bids */,
			);
			path = Employee;
			sourceTree = "<group>";
		};
		55E880B520A92913001ADD48 /* User */ = {
			isa = PBXGroup;
			children = (
				55C5169820769AFB0010C6DC /* Jobs */,
				55C5169D2076B0140010C6DC /* Create Bid */,
				55CAAE62207D469F00D9B7C5 /* User Bids */,
			);
			path = User;
			sourceTree = "<group>";
		};
		55E880B620A92945001ADD48 /* My Jobs */ = {
			isa = PBXGroup;
			children = (
				55E880BB20A929AA001ADD48 /* EmployeeJobsViewController.swift */,
				55E880B920A9298F001ADD48 /* EmployeeJobs.storyboard */,
			);
			path = "My Jobs";
			sourceTree = "<group>";
		};
		55E880B720A9295A001ADD48 /* Create Job */ = {
			isa = PBXGroup;
			children = (
				55E880BD20A9D568001ADD48 /* CreateJobViewController.swift */,
				55E880BF20A9D574001ADD48 /* CreateJob.storyboard */,
			);
			path = "Create Job";
			sourceTree = "<group>";
		};
		55E880B820A92968001ADD48 /* View Bids */ = {
			isa = PBXGroup;
			children = (
			);
			path = "View Bids";
			sourceTree = "<group>";
		};
		55E880C120AA34CA001ADD48 /* Authentication */ = {
			isa = PBXGroup;
			children = (
				5521BB0B206EBFB0004575E8 /* Signup */,
				5521BB06206EAFD6004575E8 /* SignIn */,
			);
			path = Authentication;
			sourceTree = "<group>";
		};
		55F7850820A217D60025ADA0 /* Supporting Files */ = {
			isa = PBXGroup;
			children = (
				5521BAD5206E9C7E004575E8 /* Assets.xcassets */,
				5521BAD7206E9C7E004575E8 /* LaunchScreen.storyboard */,
				55FA6DBD20990DFA006D34FE /* Keys.plist */,
				5521BADA206E9C7E004575E8 /* Info.plist */,
				5521BAFC206E9F8A004575E8 /* GoogleService-Info.plist */,
			);
			path = "Supporting Files";
			sourceTree = "<group>";
		};
		7421FE4D659523D0C9AEB738 /* Pods */ = {
			isa = PBXGroup;
			children = (
				EABF8E45DC2EB3DB6C7C3763 /* Pods-SupplyBlockChain.debug.xcconfig */,
				11C6FD82EC7B39B707A926A0 /* Pods-SupplyBlockChain.release.xcconfig */,
				C99493B2146BAE2A758F6D92 /* Pods-SupplyBlockChainTests.debug.xcconfig */,
				ED95BAAE356DDD098367A56C /* Pods-SupplyBlockChainTests.release.xcconfig */,
				951A88062B68C94243488A29 /* Pods-SupplyBlockChainUITests.debug.xcconfig */,
				9C0ACFA164D3783773A0D270 /* Pods-SupplyBlockChainUITests.release.xcconfig */,
			);
			name = Pods;
			sourceTree = "<group>";
		};
/* End PBXGroup section */

/* Begin PBXNativeTarget section */
		5521BAC7206E9C7E004575E8 /* SupplyBlockChain */ = {
			isa = PBXNativeTarget;
			buildConfigurationList = 5521BAF3206E9C7E004575E8 /* Build configuration list for PBXNativeTarget "SupplyBlockChain" */;
			buildPhases = (
				0E3053EEA1627FBEAA94A632 /* [CP] Check Pods Manifest.lock */,
				5521BAC4206E9C7E004575E8 /* Sources */,
				5521BAC5206E9C7E004575E8 /* Frameworks */,
				5521BAC6206E9C7E004575E8 /* Resources */,
				3DA317AD5B39D151EB6F3E2E /* [CP] Embed Pods Frameworks */,
			);
			buildRules = (
			);
			dependencies = (
			);
			name = SupplyBlockChain;
			productName = SupplyBlockChain;
			productReference = 5521BAC8206E9C7E004575E8 /* SupplyBlockChain.app */;
			productType = "com.apple.product-type.application";
		};
		5521BADE206E9C7E004575E8 /* SupplyBlockChainTests */ = {
			isa = PBXNativeTarget;
			buildConfigurationList = 5521BAF6206E9C7E004575E8 /* Build configuration list for PBXNativeTarget "SupplyBlockChainTests" */;
			buildPhases = (
				DB859E02139EE08D4F51F65F /* [CP] Check Pods Manifest.lock */,
				5521BADB206E9C7E004575E8 /* Sources */,
				5521BADC206E9C7E004575E8 /* Frameworks */,
				5521BADD206E9C7E004575E8 /* Resources */,
			);
			buildRules = (
			);
			dependencies = (
				5521BAE1206E9C7E004575E8 /* PBXTargetDependency */,
			);
			name = SupplyBlockChainTests;
			productName = SupplyBlockChainTests;
			productReference = 5521BADF206E9C7E004575E8 /* SupplyBlockChainTests.xctest */;
			productType = "com.apple.product-type.bundle.unit-test";
		};
		5521BAE9206E9C7E004575E8 /* SupplyBlockChainUITests */ = {
			isa = PBXNativeTarget;
			buildConfigurationList = 5521BAF9206E9C7E004575E8 /* Build configuration list for PBXNativeTarget "SupplyBlockChainUITests" */;
			buildPhases = (
				2E8B149CD608081714D818F6 /* [CP] Check Pods Manifest.lock */,
				5521BAE6206E9C7E004575E8 /* Sources */,
				5521BAE7206E9C7E004575E8 /* Frameworks */,
				5521BAE8206E9C7E004575E8 /* Resources */,
			);
			buildRules = (
			);
			dependencies = (
				5521BAEC206E9C7E004575E8 /* PBXTargetDependency */,
			);
			name = SupplyBlockChainUITests;
			productName = SupplyBlockChainUITests;
			productReference = 5521BAEA206E9C7E004575E8 /* SupplyBlockChainUITests.xctest */;
			productType = "com.apple.product-type.bundle.ui-testing";
		};
/* End PBXNativeTarget section */

/* Begin PBXProject section */
		5521BAC0206E9C7E004575E8 /* Project object */ = {
			isa = PBXProject;
			attributes = {
				LastSwiftUpdateCheck = 0920;
				LastUpgradeCheck = 0930;
				ORGANIZATIONNAME = "High Tree Development";
				TargetAttributes = {
					5521BAC7206E9C7E004575E8 = {
						CreatedOnToolsVersion = 9.2;
						ProvisioningStyle = Automatic;
					};
					5521BADE206E9C7E004575E8 = {
						CreatedOnToolsVersion = 9.2;
						ProvisioningStyle = Automatic;
						TestTargetID = 5521BAC7206E9C7E004575E8;
					};
					5521BAE9206E9C7E004575E8 = {
						CreatedOnToolsVersion = 9.2;
						ProvisioningStyle = Automatic;
						TestTargetID = 5521BAC7206E9C7E004575E8;
					};
				};
			};
			buildConfigurationList = 5521BAC3206E9C7E004575E8 /* Build configuration list for PBXProject "SupplyBlockChain" */;
			compatibilityVersion = "Xcode 8.0";
			developmentRegion = en;
			hasScannedForEncodings = 0;
			knownRegions = (
				en,
				Base,
			);
			mainGroup = 5521BABF206E9C7E004575E8;
			productRefGroup = 5521BAC9206E9C7E004575E8 /* Products */;
			projectDirPath = "";
			projectRoot = "";
			targets = (
				5521BAC7206E9C7E004575E8 /* SupplyBlockChain */,
				5521BADE206E9C7E004575E8 /* SupplyBlockChainTests */,
				5521BAE9206E9C7E004575E8 /* SupplyBlockChainUITests */,
			);
		};
/* End PBXProject section */

/* Begin PBXResourcesBuildPhase section */
		5521BAC6206E9C7E004575E8 /* Resources */ = {
			isa = PBXResourcesBuildPhase;
			buildActionMask = 2147483647;
			files = (
				55CAAE64207D46B200D9B7C5 /* UserBids.storyboard in Resources */,
				55C5169A20769B340010C6DC /* Jobs.storyboard in Resources */,
				5521BAD9206E9C7E004575E8 /* LaunchScreen.storyboard in Resources */,
				551FF74B20A638120012BE26 /* BidCell.xib in Resources */,
				5521BB08206EB239004575E8 /* SignIn.storyboard in Resources */,
				5521BAFD206E9F8A004575E8 /* GoogleService-Info.plist in Resources */,
				55E880C020A9D574001ADD48 /* CreateJob.storyboard in Resources */,
				5521BB0F206EBFCD004575E8 /* Signup.storyboard in Resources */,
				55FA6DBE20990DFA006D34FE /* Keys.plist in Resources */,
				55E880BA20A9298F001ADD48 /* EmployeeJobs.storyboard in Resources */,
				5521BAD6206E9C7E004575E8 /* Assets.xcassets in Resources */,
				55C5169F2076B0B80010C6DC /* CreateBid.storyboard in Resources */,
			);
			runOnlyForDeploymentPostprocessing = 0;
		};
		5521BADD206E9C7E004575E8 /* Resources */ = {
			isa = PBXResourcesBuildPhase;
			buildActionMask = 2147483647;
			files = (
			);
			runOnlyForDeploymentPostprocessing = 0;
		};
		5521BAE8206E9C7E004575E8 /* Resources */ = {
			isa = PBXResourcesBuildPhase;
			buildActionMask = 2147483647;
			files = (
			);
			runOnlyForDeploymentPostprocessing = 0;
		};
/* End PBXResourcesBuildPhase section */

/* Begin PBXShellScriptBuildPhase section */
		0E3053EEA1627FBEAA94A632 /* [CP] Check Pods Manifest.lock */ = {
			isa = PBXShellScriptBuildPhase;
			buildActionMask = 2147483647;
			files = (
			);
			inputPaths = (
				"${PODS_PODFILE_DIR_PATH}/Podfile.lock",
				"${PODS_ROOT}/Manifest.lock",
			);
			name = "[CP] Check Pods Manifest.lock";
			outputPaths = (
				"$(DERIVED_FILE_DIR)/Pods-SupplyBlockChain-checkManifestLockResult.txt",
			);
			runOnlyForDeploymentPostprocessing = 0;
			shellPath = /bin/sh;
			shellScript = "diff \"${PODS_PODFILE_DIR_PATH}/Podfile.lock\" \"${PODS_ROOT}/Manifest.lock\" > /dev/null\nif [ $? != 0 ] ; then\n    # print error to STDERR\n    echo \"error: The sandbox is not in sync with the Podfile.lock. Run 'pod install' or update your CocoaPods installation.\" >&2\n    exit 1\nfi\n# This output is used by Xcode 'outputs' to avoid re-running this script phase.\necho \"SUCCESS\" > \"${SCRIPT_OUTPUT_FILE_0}\"\n";
			showEnvVarsInLog = 0;
		};
		2E8B149CD608081714D818F6 /* [CP] Check Pods Manifest.lock */ = {
			isa = PBXShellScriptBuildPhase;
			buildActionMask = 2147483647;
			files = (
			);
			inputPaths = (
				"${PODS_PODFILE_DIR_PATH}/Podfile.lock",
				"${PODS_ROOT}/Manifest.lock",
			);
			name = "[CP] Check Pods Manifest.lock";
			outputPaths = (
				"$(DERIVED_FILE_DIR)/Pods-SupplyBlockChainUITests-checkManifestLockResult.txt",
			);
			runOnlyForDeploymentPostprocessing = 0;
			shellPath = /bin/sh;
			shellScript = "diff \"${PODS_PODFILE_DIR_PATH}/Podfile.lock\" \"${PODS_ROOT}/Manifest.lock\" > /dev/null\nif [ $? != 0 ] ; then\n    # print error to STDERR\n    echo \"error: The sandbox is not in sync with the Podfile.lock. Run 'pod install' or update your CocoaPods installation.\" >&2\n    exit 1\nfi\n# This output is used by Xcode 'outputs' to avoid re-running this script phase.\necho \"SUCCESS\" > \"${SCRIPT_OUTPUT_FILE_0}\"\n";
			showEnvVarsInLog = 0;
		};
		3DA317AD5B39D151EB6F3E2E /* [CP] Embed Pods Frameworks */ = {
			isa = PBXShellScriptBuildPhase;
			buildActionMask = 2147483647;
			files = (
			);
			inputPaths = (
				"${SRCROOT}/Pods/Target Support Files/Pods-SupplyBlockChain/Pods-SupplyBlockChain-frameworks.sh",
				"${BUILT_PRODUCTS_DIR}/Alamofire/Alamofire.framework",
				"${BUILT_PRODUCTS_DIR}/Arcane/Arcane.framework",
				"${BUILT_PRODUCTS_DIR}/Eureka/Eureka.framework",
				"${BUILT_PRODUCTS_DIR}/GTMSessionFetcher/GTMSessionFetcher.framework",
				"${BUILT_PRODUCTS_DIR}/GoogleToolboxForMac/GoogleToolboxForMac.framework",
				"${BUILT_PRODUCTS_DIR}/Realm/Realm.framework",
				"${BUILT_PRODUCTS_DIR}/RealmSwift/RealmSwift.framework",
				"${BUILT_PRODUCTS_DIR}/leveldb-library/leveldb.framework",
				"${BUILT_PRODUCTS_DIR}/nanopb/nanopb.framework",
			);
			name = "[CP] Embed Pods Frameworks";
			outputPaths = (
				"${TARGET_BUILD_DIR}/${FRAMEWORKS_FOLDER_PATH}/Alamofire.framework",
				"${TARGET_BUILD_DIR}/${FRAMEWORKS_FOLDER_PATH}/Arcane.framework",
				"${TARGET_BUILD_DIR}/${FRAMEWORKS_FOLDER_PATH}/Eureka.framework",
				"${TARGET_BUILD_DIR}/${FRAMEWORKS_FOLDER_PATH}/GTMSessionFetcher.framework",
				"${TARGET_BUILD_DIR}/${FRAMEWORKS_FOLDER_PATH}/GoogleToolboxForMac.framework",
				"${TARGET_BUILD_DIR}/${FRAMEWORKS_FOLDER_PATH}/Realm.framework",
				"${TARGET_BUILD_DIR}/${FRAMEWORKS_FOLDER_PATH}/RealmSwift.framework",
				"${TARGET_BUILD_DIR}/${FRAMEWORKS_FOLDER_PATH}/leveldb.framework",
				"${TARGET_BUILD_DIR}/${FRAMEWORKS_FOLDER_PATH}/nanopb.framework",
			);
			runOnlyForDeploymentPostprocessing = 0;
			shellPath = /bin/sh;
			shellScript = "\"${SRCROOT}/Pods/Target Support Files/Pods-SupplyBlockChain/Pods-SupplyBlockChain-frameworks.sh\"\n";
			showEnvVarsInLog = 0;
		};
		DB859E02139EE08D4F51F65F /* [CP] Check Pods Manifest.lock */ = {
			isa = PBXShellScriptBuildPhase;
			buildActionMask = 2147483647;
			files = (
			);
			inputPaths = (
				"${PODS_PODFILE_DIR_PATH}/Podfile.lock",
				"${PODS_ROOT}/Manifest.lock",
			);
			name = "[CP] Check Pods Manifest.lock";
			outputPaths = (
				"$(DERIVED_FILE_DIR)/Pods-SupplyBlockChainTests-checkManifestLockResult.txt",
			);
			runOnlyForDeploymentPostprocessing = 0;
			shellPath = /bin/sh;
			shellScript = "diff \"${PODS_PODFILE_DIR_PATH}/Podfile.lock\" \"${PODS_ROOT}/Manifest.lock\" > /dev/null\nif [ $? != 0 ] ; then\n    # print error to STDERR\n    echo \"error: The sandbox is not in sync with the Podfile.lock. Run 'pod install' or update your CocoaPods installation.\" >&2\n    exit 1\nfi\n# This output is used by Xcode 'outputs' to avoid re-running this script phase.\necho \"SUCCESS\" > \"${SCRIPT_OUTPUT_FILE_0}\"\n";
			showEnvVarsInLog = 0;
		};
/* End PBXShellScriptBuildPhase section */

/* Begin PBXSourcesBuildPhase section */
		5521BAC4206E9C7E004575E8 /* Sources */ = {
			isa = PBXSourcesBuildPhase;
			buildActionMask = 2147483647;
			files = (
				5521BB0D206EBFC2004575E8 /* SignupViewController.swift in Sources */,
				55E880BE20A9D568001ADD48 /* CreateJobViewController.swift in Sources */,
				55C516AC207BBA4D0010C6DC /* Date++Extension.swift in Sources */,
				55E880BC20A929AA001ADD48 /* EmployeeJobsViewController.swift in Sources */,
				5521BACC206E9C7E004575E8 /* AppDelegate.swift in Sources */,
				55C516A12076B0C60010C6DC /* CreateBidViewController.swift in Sources */,
				551FF73F20A5D2990012BE26 /* UserBidsViewController.swift in Sources */,
				551FF74320A61A7A0012BE26 /* SignUpForm.swift in Sources */,
				5521BB0A206EB2A1004575E8 /* SignInViewController.swift in Sources */,
				55C5169C20769B590010C6DC /* JobsViewController.swift in Sources */,
				55C516A32076B4800010C6DC /* User.swift in Sources */,
				55FA6DBA2098BD89006D34FE /* TierionWrapper.swift in Sources */,
				55C516AA207BB8480010C6DC /* Bid.swift in Sources */,
				55C516A52076B6800010C6DC /* FirebaseFunctions.swift in Sources */,
				5521BB00206EAE79004575E8 /* CustomActivityIndicator.swift in Sources */,
				551FF73D20A4AF4B0012BE26 /* CompletedBid.swift in Sources */,
				551FF74D20A63A8B0012BE26 /* Job.swift in Sources */,
				5521BB04206EAF30004575E8 /* UIViewController++.swift in Sources */,
				55FA6DBC209908DC006D34FE /* Token.swift in Sources */,
			);
			runOnlyForDeploymentPostprocessing = 0;
		};
		5521BADB206E9C7E004575E8 /* Sources */ = {
			isa = PBXSourcesBuildPhase;
			buildActionMask = 2147483647;
			files = (
				5521BAE4206E9C7E004575E8 /* SupplyBlockChainTests.swift in Sources */,
			);
			runOnlyForDeploymentPostprocessing = 0;
		};
		5521BAE6206E9C7E004575E8 /* Sources */ = {
			isa = PBXSourcesBuildPhase;
			buildActionMask = 2147483647;
			files = (
				5521BAEF206E9C7E004575E8 /* SupplyBlockChainUITests.swift in Sources */,
			);
			runOnlyForDeploymentPostprocessing = 0;
		};
/* End PBXSourcesBuildPhase section */

/* Begin PBXTargetDependency section */
		5521BAE1206E9C7E004575E8 /* PBXTargetDependency */ = {
			isa = PBXTargetDependency;
			target = 5521BAC7206E9C7E004575E8 /* SupplyBlockChain */;
			targetProxy = 5521BAE0206E9C7E004575E8 /* PBXContainerItemProxy */;
		};
		5521BAEC206E9C7E004575E8 /* PBXTargetDependency */ = {
			isa = PBXTargetDependency;
			target = 5521BAC7206E9C7E004575E8 /* SupplyBlockChain */;
			targetProxy = 5521BAEB206E9C7E004575E8 /* PBXContainerItemProxy */;
		};
/* End PBXTargetDependency section */

/* Begin PBXVariantGroup section */
		5521BAD7206E9C7E004575E8 /* LaunchScreen.storyboard */ = {
			isa = PBXVariantGroup;
			children = (
				5521BAD8206E9C7E004575E8 /* Base */,
			);
			name = LaunchScreen.storyboard;
			sourceTree = "<group>";
		};
/* End PBXVariantGroup section */

/* Begin XCBuildConfiguration section */
		5521BAF1206E9C7E004575E8 /* Debug */ = {
			isa = XCBuildConfiguration;
			buildSettings = {
				ALWAYS_SEARCH_USER_PATHS = NO;
				CLANG_ANALYZER_NONNULL = YES;
				CLANG_ANALYZER_NUMBER_OBJECT_CONVERSION = YES_AGGRESSIVE;
				CLANG_CXX_LANGUAGE_STANDARD = "gnu++14";
				CLANG_CXX_LIBRARY = "libc++";
				CLANG_ENABLE_MODULES = YES;
				CLANG_ENABLE_OBJC_ARC = YES;
				CLANG_WARN_BLOCK_CAPTURE_AUTORELEASING = YES;
				CLANG_WARN_BOOL_CONVERSION = YES;
				CLANG_WARN_COMMA = YES;
				CLANG_WARN_CONSTANT_CONVERSION = YES;
				CLANG_WARN_DEPRECATED_OBJC_IMPLEMENTATIONS = YES;
				CLANG_WARN_DIRECT_OBJC_ISA_USAGE = YES_ERROR;
				CLANG_WARN_DOCUMENTATION_COMMENTS = YES;
				CLANG_WARN_EMPTY_BODY = YES;
				CLANG_WARN_ENUM_CONVERSION = YES;
				CLANG_WARN_INFINITE_RECURSION = YES;
				CLANG_WARN_INT_CONVERSION = YES;
				CLANG_WARN_NON_LITERAL_NULL_CONVERSION = YES;
				CLANG_WARN_OBJC_IMPLICIT_RETAIN_SELF = YES;
				CLANG_WARN_OBJC_LITERAL_CONVERSION = YES;
				CLANG_WARN_OBJC_ROOT_CLASS = YES_ERROR;
				CLANG_WARN_RANGE_LOOP_ANALYSIS = YES;
				CLANG_WARN_STRICT_PROTOTYPES = YES;
				CLANG_WARN_SUSPICIOUS_MOVE = YES;
				CLANG_WARN_UNGUARDED_AVAILABILITY = YES_AGGRESSIVE;
				CLANG_WARN_UNREACHABLE_CODE = YES;
				CLANG_WARN__DUPLICATE_METHOD_MATCH = YES;
				CODE_SIGN_IDENTITY = "iPhone Developer";
				COPY_PHASE_STRIP = NO;
				DEBUG_INFORMATION_FORMAT = dwarf;
				ENABLE_STRICT_OBJC_MSGSEND = YES;
				ENABLE_TESTABILITY = YES;
				GCC_C_LANGUAGE_STANDARD = gnu11;
				GCC_DYNAMIC_NO_PIC = NO;
				GCC_NO_COMMON_BLOCKS = YES;
				GCC_OPTIMIZATION_LEVEL = 0;
				GCC_PREPROCESSOR_DEFINITIONS = (
					"DEBUG=1",
					"$(inherited)",
				);
				GCC_WARN_64_TO_32_BIT_CONVERSION = YES;
				GCC_WARN_ABOUT_RETURN_TYPE = YES_ERROR;
				GCC_WARN_UNDECLARED_SELECTOR = YES;
				GCC_WARN_UNINITIALIZED_AUTOS = YES_AGGRESSIVE;
				GCC_WARN_UNUSED_FUNCTION = YES;
				GCC_WARN_UNUSED_VARIABLE = YES;
				IPHONEOS_DEPLOYMENT_TARGET = 11.2;
				MTL_ENABLE_DEBUG_INFO = YES;
				ONLY_ACTIVE_ARCH = YES;
				SDKROOT = iphoneos;
				SWIFT_ACTIVE_COMPILATION_CONDITIONS = DEBUG;
				SWIFT_OPTIMIZATION_LEVEL = "-Onone";
			};
			name = Debug;
		};
		5521BAF2206E9C7E004575E8 /* Release */ = {
			isa = XCBuildConfiguration;
			buildSettings = {
				ALWAYS_SEARCH_USER_PATHS = NO;
				CLANG_ANALYZER_NONNULL = YES;
				CLANG_ANALYZER_NUMBER_OBJECT_CONVERSION = YES_AGGRESSIVE;
				CLANG_CXX_LANGUAGE_STANDARD = "gnu++14";
				CLANG_CXX_LIBRARY = "libc++";
				CLANG_ENABLE_MODULES = YES;
				CLANG_ENABLE_OBJC_ARC = YES;
				CLANG_WARN_BLOCK_CAPTURE_AUTORELEASING = YES;
				CLANG_WARN_BOOL_CONVERSION = YES;
				CLANG_WARN_COMMA = YES;
				CLANG_WARN_CONSTANT_CONVERSION = YES;
				CLANG_WARN_DEPRECATED_OBJC_IMPLEMENTATIONS = YES;
				CLANG_WARN_DIRECT_OBJC_ISA_USAGE = YES_ERROR;
				CLANG_WARN_DOCUMENTATION_COMMENTS = YES;
				CLANG_WARN_EMPTY_BODY = YES;
				CLANG_WARN_ENUM_CONVERSION = YES;
				CLANG_WARN_INFINITE_RECURSION = YES;
				CLANG_WARN_INT_CONVERSION = YES;
				CLANG_WARN_NON_LITERAL_NULL_CONVERSION = YES;
				CLANG_WARN_OBJC_IMPLICIT_RETAIN_SELF = YES;
				CLANG_WARN_OBJC_LITERAL_CONVERSION = YES;
				CLANG_WARN_OBJC_ROOT_CLASS = YES_ERROR;
				CLANG_WARN_RANGE_LOOP_ANALYSIS = YES;
				CLANG_WARN_STRICT_PROTOTYPES = YES;
				CLANG_WARN_SUSPICIOUS_MOVE = YES;
				CLANG_WARN_UNGUARDED_AVAILABILITY = YES_AGGRESSIVE;
				CLANG_WARN_UNREACHABLE_CODE = YES;
				CLANG_WARN__DUPLICATE_METHOD_MATCH = YES;
				CODE_SIGN_IDENTITY = "iPhone Developer";
				COPY_PHASE_STRIP = NO;
				DEBUG_INFORMATION_FORMAT = "dwarf-with-dsym";
				ENABLE_NS_ASSERTIONS = NO;
				ENABLE_STRICT_OBJC_MSGSEND = YES;
				GCC_C_LANGUAGE_STANDARD = gnu11;
				GCC_NO_COMMON_BLOCKS = YES;
				GCC_WARN_64_TO_32_BIT_CONVERSION = YES;
				GCC_WARN_ABOUT_RETURN_TYPE = YES_ERROR;
				GCC_WARN_UNDECLARED_SELECTOR = YES;
				GCC_WARN_UNINITIALIZED_AUTOS = YES_AGGRESSIVE;
				GCC_WARN_UNUSED_FUNCTION = YES;
				GCC_WARN_UNUSED_VARIABLE = YES;
				IPHONEOS_DEPLOYMENT_TARGET = 11.2;
				MTL_ENABLE_DEBUG_INFO = NO;
				SDKROOT = iphoneos;
				SWIFT_OPTIMIZATION_LEVEL = "-Owholemodule";
				VALIDATE_PRODUCT = YES;
			};
			name = Release;
		};
		5521BAF4206E9C7E004575E8 /* Debug */ = {
			isa = XCBuildConfiguration;
			baseConfigurationReference = EABF8E45DC2EB3DB6C7C3763 /* Pods-SupplyBlockChain.debug.xcconfig */;
			buildSettings = {
				ASSETCATALOG_COMPILER_APPICON_NAME = AppIcon;
				CODE_SIGN_STYLE = Automatic;
				DEVELOPMENT_TEAM = D3D7B5BPEZ;
				INFOPLIST_FILE = "$(SRCROOT)/SupplyBlockChain/Supporting Files/Info.plist";
				LD_RUNPATH_SEARCH_PATHS = "$(inherited) @executable_path/Frameworks";
				PRODUCT_BUNDLE_IDENTIFIER = com.HighTreeDevelopment.SupplyBlockChain;
				PRODUCT_NAME = "$(TARGET_NAME)";
				SWIFT_VERSION = 4.0;
				TARGETED_DEVICE_FAMILY = "1,2";
			};
			name = Debug;
		};
		5521BAF5206E9C7E004575E8 /* Release */ = {
			isa = XCBuildConfiguration;
			baseConfigurationReference = 11C6FD82EC7B39B707A926A0 /* Pods-SupplyBlockChain.release.xcconfig */;
			buildSettings = {
				ASSETCATALOG_COMPILER_APPICON_NAME = AppIcon;
				CODE_SIGN_STYLE = Automatic;
				DEVELOPMENT_TEAM = D3D7B5BPEZ;
				INFOPLIST_FILE = "$(SRCROOT)/SupplyBlockChain/Supporting Files/Info.plist";
				LD_RUNPATH_SEARCH_PATHS = "$(inherited) @executable_path/Frameworks";
				PRODUCT_BUNDLE_IDENTIFIER = com.HighTreeDevelopment.SupplyBlockChain;
				PRODUCT_NAME = "$(TARGET_NAME)";
				SWIFT_VERSION = 4.0;
				TARGETED_DEVICE_FAMILY = "1,2";
			};
			name = Release;
		};
		5521BAF7206E9C7E004575E8 /* Debug */ = {
			isa = XCBuildConfiguration;
			baseConfigurationReference = C99493B2146BAE2A758F6D92 /* Pods-SupplyBlockChainTests.debug.xcconfig */;
			buildSettings = {
				ALWAYS_EMBED_SWIFT_STANDARD_LIBRARIES = YES;
				BUNDLE_LOADER = "$(TEST_HOST)";
				CODE_SIGN_STYLE = Automatic;
				DEVELOPMENT_TEAM = D3D7B5BPEZ;
				INFOPLIST_FILE = SupplyBlockChainTests/Info.plist;
				LD_RUNPATH_SEARCH_PATHS = "$(inherited) @executable_path/Frameworks @loader_path/Frameworks";
				PRODUCT_BUNDLE_IDENTIFIER = com.HighTreeDevelopment.SupplyBlockChainTests;
				PRODUCT_NAME = "$(TARGET_NAME)";
				SWIFT_VERSION = 4.0;
				TARGETED_DEVICE_FAMILY = "1,2";
				TEST_HOST = "$(BUILT_PRODUCTS_DIR)/SupplyBlockChain.app/SupplyBlockChain";
			};
			name = Debug;
		};
		5521BAF8206E9C7E004575E8 /* Release */ = {
			isa = XCBuildConfiguration;
			baseConfigurationReference = ED95BAAE356DDD098367A56C /* Pods-SupplyBlockChainTests.release.xcconfig */;
			buildSettings = {
				ALWAYS_EMBED_SWIFT_STANDARD_LIBRARIES = YES;
				BUNDLE_LOADER = "$(TEST_HOST)";
				CODE_SIGN_STYLE = Automatic;
				DEVELOPMENT_TEAM = D3D7B5BPEZ;
				INFOPLIST_FILE = SupplyBlockChainTests/Info.plist;
				LD_RUNPATH_SEARCH_PATHS = "$(inherited) @executable_path/Frameworks @loader_path/Frameworks";
				PRODUCT_BUNDLE_IDENTIFIER = com.HighTreeDevelopment.SupplyBlockChainTests;
				PRODUCT_NAME = "$(TARGET_NAME)";
				SWIFT_VERSION = 4.0;
				TARGETED_DEVICE_FAMILY = "1,2";
				TEST_HOST = "$(BUILT_PRODUCTS_DIR)/SupplyBlockChain.app/SupplyBlockChain";
			};
			name = Release;
		};
		5521BAFA206E9C7E004575E8 /* Debug */ = {
			isa = XCBuildConfiguration;
			baseConfigurationReference = 951A88062B68C94243488A29 /* Pods-SupplyBlockChainUITests.debug.xcconfig */;
			buildSettings = {
				ALWAYS_EMBED_SWIFT_STANDARD_LIBRARIES = YES;
				CODE_SIGN_STYLE = Automatic;
				DEVELOPMENT_TEAM = D3D7B5BPEZ;
				INFOPLIST_FILE = SupplyBlockChainUITests/Info.plist;
				LD_RUNPATH_SEARCH_PATHS = "$(inherited) @executable_path/Frameworks @loader_path/Frameworks";
				PRODUCT_BUNDLE_IDENTIFIER = com.HighTreeDevelopment.SupplyBlockChainUITests;
				PRODUCT_NAME = "$(TARGET_NAME)";
				SWIFT_VERSION = 4.0;
				TARGETED_DEVICE_FAMILY = "1,2";
				TEST_TARGET_NAME = SupplyBlockChain;
			};
			name = Debug;
		};
		5521BAFB206E9C7E004575E8 /* Release */ = {
			isa = XCBuildConfiguration;
			baseConfigurationReference = 9C0ACFA164D3783773A0D270 /* Pods-SupplyBlockChainUITests.release.xcconfig */;
			buildSettings = {
				ALWAYS_EMBED_SWIFT_STANDARD_LIBRARIES = YES;
				CODE_SIGN_STYLE = Automatic;
				DEVELOPMENT_TEAM = D3D7B5BPEZ;
				INFOPLIST_FILE = SupplyBlockChainUITests/Info.plist;
				LD_RUNPATH_SEARCH_PATHS = "$(inherited) @executable_path/Frameworks @loader_path/Frameworks";
				PRODUCT_BUNDLE_IDENTIFIER = com.HighTreeDevelopment.SupplyBlockChainUITests;
				PRODUCT_NAME = "$(TARGET_NAME)";
				SWIFT_VERSION = 4.0;
				TARGETED_DEVICE_FAMILY = "1,2";
				TEST_TARGET_NAME = SupplyBlockChain;
			};
			name = Release;
		};
/* End XCBuildConfiguration section */

/* Begin XCConfigurationList section */
		5521BAC3206E9C7E004575E8 /* Build configuration list for PBXProject "SupplyBlockChain" */ = {
			isa = XCConfigurationList;
			buildConfigurations = (
				5521BAF1206E9C7E004575E8 /* Debug */,
				5521BAF2206E9C7E004575E8 /* Release */,
			);
			defaultConfigurationIsVisible = 0;
			defaultConfigurationName = Release;
		};
		5521BAF3206E9C7E004575E8 /* Build configuration list for PBXNativeTarget "SupplyBlockChain" */ = {
			isa = XCConfigurationList;
			buildConfigurations = (
				5521BAF4206E9C7E004575E8 /* Debug */,
				5521BAF5206E9C7E004575E8 /* Release */,
			);
			defaultConfigurationIsVisible = 0;
			defaultConfigurationName = Release;
		};
		5521BAF6206E9C7E004575E8 /* Build configuration list for PBXNativeTarget "SupplyBlockChainTests" */ = {
			isa = XCConfigurationList;
			buildConfigurations = (
				5521BAF7206E9C7E004575E8 /* Debug */,
				5521BAF8206E9C7E004575E8 /* Release */,
			);
			defaultConfigurationIsVisible = 0;
			defaultConfigurationName = Release;
		};
		5521BAF9206E9C7E004575E8 /* Build configuration list for PBXNativeTarget "SupplyBlockChainUITests" */ = {
			isa = XCConfigurationList;
			buildConfigurations = (
				5521BAFA206E9C7E004575E8 /* Debug */,
				5521BAFB206E9C7E004575E8 /* Release */,
			);
			defaultConfigurationIsVisible = 0;
			defaultConfigurationName = Release;
		};
/* End XCConfigurationList section */
	};
	rootObject = 5521BAC0206E9C7E004575E8 /* Project object */;
}
